
Microsoft Visual Studio Solution File, Format Version 12.00
# Visual Studio Version 16
VisualStudioVersion = 16.0.30907.101
MinimumVisualStudioVersion = 10.0.40219.1
Project("{2150E333-8FDC-42A3-9474-1A3956D46DE8}") = "Tests", "Tests", "{7A04A23F-2B80-4FC9-A0CE-80579CF8929F}"
EndProject
Project("{9A19103F-16F7-4668-BE54-9A1E7A4F7556}") = "Neubel.Wow.Win.Authentication.Tests", "src\Tests\Neubel.Wow.Win.Authentication.Tests\Neubel.Wow.Win.Authentication.Tests.csproj", "{3E5B693B-9077-4FFC-BEFF-3A4667C81E94}"
EndProject
Project("{9A19103F-16F7-4668-BE54-9A1E7A4F7556}") = "Neubel.Wow.Win.Authentication.WebAPI", "src\Neubel.Wow.Win.Authentication.WebAPI\Neubel.Wow.Win.Authentication.WebAPI.csproj", "{7378ED4A-97A0-4298-ADB1-F9170AAAC1DA}"
EndProject
Project("{9A19103F-16F7-4668-BE54-9A1E7A4F7556}") = "Neubel.Wow.Win.Authentication", "src\Neubel.Wow.Win.Authentication\Neubel.Wow.Win.Authentication.csproj", "{D38EF0B3-19C3-45DB-90E7-CD316AB8E247}"
EndProject
Project("{2150E333-8FDC-42A3-9474-1A3956D46DE8}") = "Database", "Database", "{74C6057D-E42B-4C74-9599-306AA9F7A764}"
EndProject
Project("{00D1A9C2-B5F0-4AF3-8072-F6C62B433612}") = "Neubel.Wow.Win.Authentication.DB", "Neubel.Wow.Win.Authentication.DB\Neubel.Wow.Win.Authentication.DB.sqlproj", "{5AD3DA96-5F11-4267-A288-8ECFDBA0CDE5}"
EndProject
Project("{FAE04EC0-301F-11D3-BF4B-00C04F79EFBC}") = "TastyKitchen.Web.UI", "TastyKitchen.Web.UI\TastyKitchen.Web.UI.csproj", "{F227AD74-9CDC-4959-AEEB-D1E42E49DD55}"
EndProject
Global
	GlobalSection(SolutionConfigurationPlatforms) = preSolution
		Debug|Any CPU = Debug|Any CPU
		Release|Any CPU = Release|Any CPU
	EndGlobalSection
	GlobalSection(ProjectConfigurationPlatforms) = postSolution
		{3E5B693B-9077-4FFC-BEFF-3A4667C81E94}.Debug|Any CPU.ActiveCfg = Debug|Any CPU
		{3E5B693B-9077-4FFC-BEFF-3A4667C81E94}.Debug|Any CPU.Build.0 = Debug|Any CPU
		{3E5B693B-9077-4FFC-BEFF-3A4667C81E94}.Release|Any CPU.ActiveCfg = Release|Any CPU
		{3E5B693B-9077-4FFC-BEFF-3A4667C81E94}.Release|Any CPU.Build.0 = Release|Any CPU
		{7378ED4A-97A0-4298-ADB1-F9170AAAC1DA}.Debug|Any CPU.ActiveCfg = Debug|Any CPU
		{7378ED4A-97A0-4298-ADB1-F9170AAAC1DA}.Debug|Any CPU.Build.0 = Debug|Any CPU
		{7378ED4A-97A0-4298-ADB1-F9170AAAC1DA}.Release|Any CPU.ActiveCfg = Release|Any CPU
		{7378ED4A-97A0-4298-ADB1-F9170AAAC1DA}.Release|Any CPU.Build.0 = Release|Any CPU
		{D38EF0B3-19C3-45DB-90E7-CD316AB8E247}.Debug|Any CPU.ActiveCfg = Debug|Any CPU
		{D38EF0B3-19C3-45DB-90E7-CD316AB8E247}.Debug|Any CPU.Build.0 = Debug|Any CPU
		{D38EF0B3-19C3-45DB-90E7-CD316AB8E247}.Release|Any CPU.ActiveCfg = Release|Any CPU
		{D38EF0B3-19C3-45DB-90E7-CD316AB8E247}.Release|Any CPU.Build.0 = Release|Any CPU
		{5AD3DA96-5F11-4267-A288-8ECFDBA0CDE5}.Debug|Any CPU.ActiveCfg = Debug|Any CPU
		{5AD3DA96-5F11-4267-A288-8ECFDBA0CDE5}.Debug|Any CPU.Build.0 = Debug|Any CPU
		{5AD3DA96-5F11-4267-A288-8ECFDBA0CDE5}.Debug|Any CPU.Deploy.0 = Debug|Any CPU
		{5AD3DA96-5F11-4267-A288-8ECFDBA0CDE5}.Release|Any CPU.ActiveCfg = Release|Any CPU
		{5AD3DA96-5F11-4267-A288-8ECFDBA0CDE5}.Release|Any CPU.Build.0 = Release|Any CPU
		{5AD3DA96-5F11-4267-A288-8ECFDBA0CDE5}.Release|Any CPU.Deploy.0 = Release|Any CPU
		{F227AD74-9CDC-4959-AEEB-D1E42E49DD55}.Debug|Any CPU.ActiveCfg = Debug|Any CPU
		{F227AD74-9CDC-4959-AEEB-D1E42E49DD55}.Debug|Any CPU.Build.0 = Debug|Any CPU
		{F227AD74-9CDC-4959-AEEB-D1E42E49DD55}.Release|Any CPU.ActiveCfg = Release|Any CPU
		{F227AD74-9CDC-4959-AEEB-D1E42E49DD55}.Release|Any CPU.Build.0 = Release|Any CPU
	EndGlobalSection
	GlobalSection(SolutionProperties) = preSolution
		HideSolutionNode = FALSE
	EndGlobalSection
	GlobalSection(NestedProjects) = preSolution
		{3E5B693B-9077-4FFC-BEFF-3A4667C81E94} = {7A04A23F-2B80-4FC9-A0CE-80579CF8929F}
		{5AD3DA96-5F11-4267-A288-8ECFDBA0CDE5} = {74C6057D-E42B-4C74-9599-306AA9F7A764}
	EndGlobalSection
	GlobalSection(ExtensibilityGlobals) = postSolution
		SolutionGuid = {D262764E-9C9A-4624-8236-996CAA4E68FC}
	EndGlobalSection
EndGlobal
